
Microsoft Visual Studio Solution File, Format Version 12.00
# Visual Studio Version 17
VisualStudioVersion = 17.0.31903.59
MinimumVisualStudioVersion = 10.0.40219.1
Project("{2150E333-8FDC-42A3-9474-1A3956D46DE8}") = "src", "src", "{B4368D00-393A-47E5-A1A6-96D981374CAE}"
EndProject
Project("{FAE04EC0-301F-11D3-BF4B-00C04F79EFBC}") = "Api", "src\Api\Api.csproj", "{1DBD90E1-055F-4603-AED3-954D6265F729}"
EndProject
Project("{2150E333-8FDC-42A3-9474-1A3956D46DE8}") = "tests", "tests", "{B96705B1-E7E0-440B-B76D-45B8A975612B}"
EndProject
Project("{FAE04EC0-301F-11D3-BF4B-00C04F79EFBC}") = "ApiTests", "tests\ApiTests\ApiTests.csproj", "{C70AD840-D179-41D3-AA80-2F92AC9797D3}"
EndProject
Global
	GlobalSection(SolutionConfigurationPlatforms) = preSolution
		Debug|Any CPU = Debug|Any CPU
		Release|Any CPU = Release|Any CPU
	EndGlobalSection
	GlobalSection(SolutionProperties) = preSolution
		HideSolutionNode = FALSE
	EndGlobalSection
	GlobalSection(ProjectConfigurationPlatforms) = postSolution
		{1DBD90E1-055F-4603-AED3-954D6265F729}.Debug|Any CPU.ActiveCfg = Debug|Any CPU
		{1DBD90E1-055F-4603-AED3-954D6265F729}.Debug|Any CPU.Build.0 = Debug|Any CPU
		{1DBD90E1-055F-4603-AED3-954D6265F729}.Release|Any CPU.ActiveCfg = Release|Any CPU
		{1DBD90E1-055F-4603-AED3-954D6265F729}.Release|Any CPU.Build.0 = Release|Any CPU
		{C70AD840-D179-41D3-AA80-2F92AC9797D3}.Debug|Any CPU.ActiveCfg = Debug|Any CPU
		{C70AD840-D179-41D3-AA80-2F92AC9797D3}.Debug|Any CPU.Build.0 = Debug|Any CPU
		{C70AD840-D179-41D3-AA80-2F92AC9797D3}.Release|Any CPU.ActiveCfg = Release|Any CPU
		{C70AD840-D179-41D3-AA80-2F92AC9797D3}.Release|Any CPU.Build.0 = Release|Any CPU
	EndGlobalSection
	GlobalSection(NestedProjects) = preSolution
		{1DBD90E1-055F-4603-AED3-954D6265F729} = {B4368D00-393A-47E5-A1A6-96D981374CAE}
		{C70AD840-D179-41D3-AA80-2F92AC9797D3} = {B96705B1-E7E0-440B-B76D-45B8A975612B}
	EndGlobalSection
EndGlobal
